lockVersion: 2.0.0
id: 8c19f13c-272c-429b-a505-38ac5bb9215d
management:
  docChecksum: 323024f86488448c50c15395787aa758
  docVersion: 1.0.0
  speakeasyVersion: 1.204.1
  generationVersion: 2.279.1
  releaseVersion: 0.0.2
  configChecksum: 1914359e81aa0c1404077d649f2920b8
features:
  typescript:
    additionalProperties: 0.1.1
    constsAndDefaults: 0.1.5
    core: 3.6.1
    flattening: 2.81.1
    globalSecurity: 2.82.4
    globalServerURLs: 2.82.3
    inputOutputModels: 2.82.0
    nameOverrides: 2.81.1
    responseFormat: 0.2.0
    unions: 2.85.3
generatedFiles:
  - src/sdk/stream.ts
  - src/sdk/multistreamtarget.ts
  - src/sdk/webhook.ts
  - src/sdk/asset.ts
  - src/sdk/metrics.ts
  - src/sdk/session.ts
  - src/sdk/accesscontrol.ts
  - src/sdk/task.ts
  - src/sdk/transcode.ts
  - src/sdk/playback.ts
  - src/sdk/sdk.ts
  - .eslintrc.js
  - .npmignore
  - RUNTIMES.md
  - package.json
  - src/index.ts
  - src/lib/base64.ts
  - src/lib/config.ts
  - src/lib/encodings.ts
  - src/lib/event-streams.ts
  - src/lib/http.ts
  - src/lib/retries.ts
  - src/lib/schemas.ts
  - src/lib/sdks.ts
  - src/lib/security.ts
  - src/lib/url.ts
  - src/sdk/index.ts
  - src/models/errors/sdkerror.ts
  - src/models/errors/sdkvalidationerror.ts
  - src/types/blobs.ts
  - src/types/decimal.ts
  - src/types/index.ts
  - src/types/operations.ts
  - src/types/rfcdate.ts
  - tsconfig.json
  - src/models/operations/poststream.ts
  - src/models/operations/getstream.ts
  - src/models/operations/getstreamid.ts
  - src/models/operations/patchstreamid.ts
  - src/models/operations/deletestreamid.ts
  - src/models/operations/postclip.ts
  - src/models/operations/getstreamidclips.ts
  - src/models/operations/getmultistreamtarget.ts
  - src/models/operations/postmultistreamtarget.ts
  - src/models/operations/getmultistreamtargetid.ts
  - src/models/operations/patchmultistreamtargetid.ts
  - src/models/operations/deletemultistreamtargetid.ts
  - src/models/operations/getwebhook.ts
  - src/models/operations/postwebhook.ts
  - src/models/operations/getwebhookid.ts
  - src/models/operations/putwebhookid.ts
  - src/models/operations/deletewebhookid.ts
  - src/models/operations/getasset.ts
  - src/models/operations/postassetrequestupload.ts
  - src/models/operations/postassetuploadurl.ts
  - src/models/operations/getassetassetid.ts
  - src/models/operations/deleteassetassetid.ts
  - src/models/operations/patchassetassetid.ts
  - src/models/operations/getdataviewsquery.ts
  - src/models/operations/getdataviewsquerycreator.ts
  - src/models/operations/getdataviewsquerytotalplaybackid.ts
  - src/models/operations/getdatausagequery.ts
  - src/models/operations/getsession.ts
  - src/models/operations/getsessionid.ts
  - src/models/operations/getstreamparentidsessions.ts
  - src/models/operations/postaccesscontrolsigningkey.ts
  - src/models/operations/getaccesscontrolsigningkey.ts
  - src/models/operations/deleteaccesscontrolsigningkeykeyid.ts
  - src/models/operations/getaccesscontrolsigningkeykeyid.ts
  - src/models/operations/patchaccesscontrolsigningkeykeyid.ts
  - src/models/operations/gettask.ts
  - src/models/operations/gettasktaskid.ts
  - src/models/operations/posttranscode.ts
  - src/models/operations/getplaybackid.ts
  - src/models/errors/error.ts
  - src/models/components/stream.ts
  - src/models/components/ffmpegprofile.ts
  - src/models/components/playbackpolicy.ts
  - src/models/components/creatorid.ts
  - src/models/components/httpmetadata.ts
  - src/models/components/newstreampayload.ts
  - src/models/components/multistream.ts
  - src/models/components/inputcreatorid.ts
  - src/models/components/streampatchpayload.ts
  - src/models/components/storagestatus.ts
  - src/models/components/ipfsfileinfo.ts
  - src/models/components/encryptionoutput.ts
  - src/models/components/clippayload.ts
  - src/models/components/multistreamtarget.ts
  - src/models/components/multistreamtargetinput.ts
  - src/models/components/multistreamtargetpatchpayload.ts
  - src/models/components/webhook.ts
  - src/models/components/newassetpayload.ts
  - src/models/components/spec.ts
  - src/models/components/assetpatchpayload.ts
  - src/models/components/storage.ts
  - src/models/components/viewershipmetric.ts
  - src/models/components/usagemetric.ts
  - src/models/components/session.ts
  - src/models/components/signingkeyresponsepayload.ts
  - src/models/components/signingkey.ts
  - src/models/components/uploadoutput.ts
  - src/models/components/ipfsexportparamsoutput.ts
  - src/models/components/nftmetadata.ts
  - src/models/components/nftmetadatatemplate.ts
  - src/models/components/uploadoutput1.ts
  - src/models/components/task.ts
  - src/models/components/asset.ts
  - src/models/components/ipfsfileinfoinput.ts
  - src/models/components/encryption.ts
  - src/models/components/uploadinput.ts
  - src/models/components/ipfsexportparams.ts
  - src/models/components/exporttaskparamsoutput.ts
  - src/models/components/upload.ts
  - src/models/components/playbackinfo.ts
  - src/models/components/attestation.ts
  - src/models/components/security.ts
  - src/models/errors/index.ts
  - src/models/operations/index.ts
  - src/models/components/index.ts
  - docs/models/operations/poststreamresponse.md
  - docs/models/operations/getstreamrequest.md
  - docs/models/operations/getstreamresponse.md
  - docs/models/operations/getstreamidrequest.md
  - docs/models/operations/getstreamidresponse.md
  - docs/models/operations/patchstreamidrequest.md
  - docs/models/operations/patchstreamidresponse.md
  - docs/models/operations/deletestreamidrequest.md
  - docs/models/operations/deletestreamidresponse.md
  - docs/models/operations/postcliptask.md
  - docs/models/operations/postclipresponsebody.md
  - docs/models/operations/postclipresponse.md
  - docs/models/operations/getstreamidclipsrequest.md
  - docs/models/operations/getstreamidclipsresponse.md
  - docs/models/operations/getmultistreamtargetresponse.md
  - docs/models/operations/postmultistreamtargetresponse.md
  - docs/models/operations/getmultistreamtargetidrequest.md
  - docs/models/operations/getmultistreamtargetidresponse.md
  - docs/models/operations/patchmultistreamtargetidrequest.md
  - docs/models/operations/patchmultistreamtargetidresponse.md
  - docs/models/operations/deletemultistreamtargetidrequest.md
  - docs/models/operations/deletemultistreamtargetidresponse.md
  - docs/models/operations/getwebhookresponse.md
  - docs/models/operations/postwebhookresponse.md
  - docs/models/operations/getwebhookidrequest.md
  - docs/models/operations/getwebhookidresponse.md
  - docs/models/operations/putwebhookidrequest.md
  - docs/models/operations/putwebhookidresponse.md
  - docs/models/operations/deletewebhookidrequest.md
  - docs/models/operations/deletewebhookidresponse.md
  - docs/models/operations/getassetresponse.md
  - docs/models/operations/task.md
  - docs/models/operations/postassetrequestuploadresponsebody.md
  - docs/models/operations/postassetrequestuploadresponse.md
  - docs/models/operations/postassetuploadurltask.md
  - docs/models/operations/postassetuploadurlresponsebody.md
  - docs/models/operations/postassetuploadurlresponse.md
  - docs/models/operations/getassetassetidrequest.md
  - docs/models/operations/getassetassetidresponse.md
  - docs/models/operations/deleteassetassetidrequest.md
  - docs/models/operations/deleteassetassetidresponse.md
  - docs/models/operations/patchassetassetidrequest.md
  - docs/models/operations/patchassetassetidresponse.md
  - docs/models/operations/from.md
  - docs/models/operations/to.md
  - docs/models/operations/timestep.md
  - docs/models/operations/breakdownby.md
  - docs/models/operations/getdataviewsqueryrequest.md
  - docs/models/operations/getdataviewsqueryresponse.md
  - docs/models/operations/queryparamfrom.md
  - docs/models/operations/queryparamto.md
  - docs/models/operations/queryparamtimestep.md
  - docs/models/operations/queryparambreakdownby.md
  - docs/models/operations/getdataviewsquerycreatorrequest.md
  - docs/models/operations/getdataviewsquerycreatorresponse.md
  - docs/models/operations/getdataviewsquerytotalplaybackidrequest.md
  - docs/models/operations/getdataviewsquerytotalplaybackidresponsebody.md
  - docs/models/operations/getdataviewsquerytotalplaybackidresponse.md
  - docs/models/operations/getdatausagequeryqueryparamtimestep.md
  - docs/models/operations/getdatausagequeryrequest.md
  - docs/models/operations/getdatausagequeryresponse.md
  - docs/models/operations/getsessionresponse.md
  - docs/models/operations/getsessionidrequest.md
  - docs/models/operations/getsessionidresponse.md
  - docs/models/operations/getstreamparentidsessionsrequest.md
  - docs/models/operations/getstreamparentidsessionsresponse.md
  - docs/models/operations/postaccesscontrolsigningkeyresponse.md
  - docs/models/operations/getaccesscontrolsigningkeyresponse.md
  - docs/models/operations/deleteaccesscontrolsigningkeykeyidrequest.md
  - docs/models/operations/deleteaccesscontrolsigningkeykeyidresponse.md
  - docs/models/operations/getaccesscontrolsigningkeykeyidrequest.md
  - docs/models/operations/getaccesscontrolsigningkeykeyidresponse.md
  - docs/models/operations/patchaccesscontrolsigningkeykeyidrequestbody.md
  - docs/models/operations/patchaccesscontrolsigningkeykeyidrequest.md
  - docs/models/operations/patchaccesscontrolsigningkeykeyidresponse.md
  - docs/models/operations/gettaskresponse.md
  - docs/models/operations/gettasktaskidrequest.md
  - docs/models/operations/gettasktaskidresponse.md
  - docs/models/operations/posttranscoderesponse.md
  - docs/models/operations/getplaybackidrequest.md
  - docs/models/operations/getplaybackidresponse.md
  - docs/models/errors/errort.md
  - docs/models/components/streamtargets.md
  - docs/models/components/streammultistream.md
  - docs/models/components/stream.md
  - docs/models/components/profile.md
  - docs/models/components/encoder.md
  - docs/models/components/ffmpegprofile.md
  - docs/models/components/type.md
  - docs/models/components/playbackpolicy.md
  - docs/models/components/creatoridtype.md
  - docs/models/components/creatorid1.md
  - docs/models/components/creatorid.md
  - docs/models/components/httpmetadata.md
  - docs/models/components/newstreampayload.md
  - docs/models/components/multistreamspec.md
  - docs/models/components/targets.md
  - docs/models/components/multistream.md
  - docs/models/components/inputcreatorid.md
  - docs/models/components/streampatchpayload.md
  - docs/models/components/assettype.md
  - docs/models/components/assetsource3type.md
  - docs/models/components/source3.md
  - docs/models/components/assetsourcetype.md
  - docs/models/components/two.md
  - docs/models/components/sourcetype.md
  - docs/models/components/assetsource1.md
  - docs/models/components/assetsource.md
  - docs/models/components/assetnftmetadatatemplate.md
  - docs/models/components/assetnftmetadata.md
  - docs/models/components/assetspec.md
  - docs/models/components/assetipfs.md
  - docs/models/components/assetstorage.md
  - docs/models/components/assetphase.md
  - docs/models/components/assetstatus.md
  - docs/models/components/hash.md
  - docs/models/components/assetvideospectype.md
  - docs/models/components/tracks.md
  - docs/models/components/videospec.md
  - docs/models/components/asset.md
  - docs/models/components/phase.md
  - docs/models/components/tasks.md
  - docs/models/components/storagestatus.md
  - docs/models/components/ipfsfileinfo.md
  - docs/models/components/encryptionoutput.md
  - docs/models/components/clippayload.md
  - docs/models/components/multistreamtarget.md
  - docs/models/components/multistreamtargetinput.md
  - docs/models/components/multistreamtargetpatchpayload.md
  - docs/models/components/events.md
  - docs/models/components/lastfailure.md
  - docs/models/components/status.md
  - docs/models/components/webhook.md
  - docs/models/components/ipfs1.md
  - docs/models/components/newassetpayloadipfs.md
  - docs/models/components/newassetpayloadstorage.md
  - docs/models/components/newassetpayloadencryption.md
  - docs/models/components/newassetpayload.md
  - docs/models/components/specnftmetadatatemplate.md
  - docs/models/components/specnftmetadata.md
  - docs/models/components/spec.md
  - docs/models/components/assetpatchpayload.md
  - docs/models/components/one.md
  - docs/models/components/ipfs.md
  - docs/models/components/storage.md
  - docs/models/components/viewershipmetric.md
  - docs/models/components/usagemetric.md
  - docs/models/components/recordingstatus.md
  - docs/models/components/session.md
  - docs/models/components/signingkeyresponsepayload.md
  - docs/models/components/signingkey.md
  - docs/models/components/tasktype.md
  - docs/models/components/taskparamsuploadoutput.md
  - docs/models/components/content.md
  - docs/models/components/taskexportdataoutput.md
  - docs/models/components/transcode.md
  - docs/models/components/input.md
  - docs/models/components/taskstorage.md
  - docs/models/components/hls.md
  - docs/models/components/mp4.md
  - docs/models/components/outputs.md
  - docs/models/components/transcodefile.md
  - docs/models/components/taskparams.md
  - docs/models/components/clipstrategy.md
  - docs/models/components/catalystpipelinestrategy.md
  - docs/models/components/clip.md
  - docs/models/components/taskphase.md
  - docs/models/components/taskstatus.md
  - docs/models/components/taskuploadoutput.md
  - docs/models/components/taskipfs.md
  - docs/models/components/export.md
  - docs/models/components/taskoutputipfs.md
  - docs/models/components/exportdata.md
  - docs/models/components/taskasset.md
  - docs/models/components/tasktranscode.md
  - docs/models/components/output.md
  - docs/models/components/task.md
  - docs/models/components/uploadoutput.md
  - docs/models/components/ipfsexportparamspinata2.md
  - docs/models/components/ipfsexportparamspinata1.md
  - docs/models/components/ipfsexportparamspinata.md
  - docs/models/components/ipfsexportparamsoutput.md
  - docs/models/components/nftmetadata.md
  - docs/models/components/nftmetadatatemplate.md
  - docs/models/components/exporttaskparams2output.md
  - docs/models/components/custom.md
  - docs/models/components/exporttaskparams1.md
  - docs/models/components/exporttaskparamsoutput.md
  - docs/models/components/uploadoutput1.md
  - docs/models/components/taskupload.md
  - docs/models/components/taskexportdata.md
  - docs/models/components/params.md
  - docs/models/components/taskuploadinput.md
  - docs/models/components/taskipfsinput.md
  - docs/models/components/taskexport.md
  - docs/models/components/taskassetinput.md
  - docs/models/components/tasktranscodeinput.md
  - docs/models/components/taskoutput.md
  - docs/models/components/taskinput.md
  - docs/models/components/three.md
  - docs/models/components/source1.md
  - docs/models/components/source.md
  - docs/models/components/assetipfsinput.md
  - docs/models/components/assetstorageinput.md
  - docs/models/components/assetinput.md
  - docs/models/components/ipfsfileinfoinput.md
  - docs/models/components/encryption.md
  - docs/models/components/uploadinput.md
  - docs/models/components/pinata2.md
  - docs/models/components/pinata1.md
  - docs/models/components/pinata.md
  - docs/models/components/ipfsexportparams.md
  - docs/models/components/exporttaskparams2.md
  - docs/models/components/exporttaskparams.md
  - docs/models/components/upload.md
  - docs/models/components/playbackinfotype.md
  - docs/models/components/hrn.md
  - docs/models/components/playbackinfometatype.md
  - docs/models/components/playbackinfosource.md
  - docs/models/components/meta.md
  - docs/models/components/playbackinfo.md
  - docs/models/components/primarytype.md
  - docs/models/components/name.md
  - docs/models/components/version.md
  - docs/models/components/domain.md
  - docs/models/components/attestations.md
  - docs/models/components/message.md
  - docs/models/components/signaturetype.md
  - docs/models/components/attestationipfs.md
  - docs/models/components/attestationstorage.md
  - docs/models/components/attestation.md
  - docs/models/components/security.md
  - docs/sdks/livepeer/README.md
  - docs/sdks/stream/README.md
  - docs/sdks/multistreamtarget/README.md
  - docs/sdks/webhook/README.md
  - docs/sdks/asset/README.md
  - docs/sdks/metrics/README.md
  - docs/sdks/session/README.md
  - docs/sdks/accesscontrol/README.md
  - docs/sdks/task/README.md
  - docs/sdks/transcode/README.md
  - docs/sdks/playback/README.md
  - USAGE.md
  - .gitattributes
  - src/hooks/hooks.ts
  - src/hooks/types.ts
  - src/hooks/index.ts
