lockVersion: 2.0.0
id: 7146d910-ec93-46d4-b2c7-5717a58dd471
management:
  docChecksum: ff2202a25732837028e6242ecc0ab673
  docVersion: 1.0.0
  speakeasyVersion: 1.300.1
  generationVersion: 2.339.1
  releaseVersion: 3.2.9
  configChecksum: b42bd7334f0894380711f64530bb74e9
  repoURL: https://github.com/livepeer/livepeer-js.git
  installationURL: https://github.com/livepeer/livepeer-js
features:
  typescript:
    additionalDependencies: 0.1.0
    additionalProperties: 0.1.1
    constsAndDefaults: 0.1.5
    core: 3.9.12
    deprecations: 2.81.1
    flattening: 2.81.1
    globalSecurity: 2.82.9
    globalSecurityCallbacks: 0.1.0
    globalSecurityFlattening: 0.1.0
    globalServerURLs: 2.82.4
    inputOutputModels: 2.82.0
    nameOverrides: 2.81.2
    nullables: 0.1.0
    responseFormat: 0.2.3
    sdkHooks: 0.1.0
    unions: 2.85.5
generatedFiles:
  - src/sdk/stream.ts
  - src/sdk/multistream.ts
  - src/sdk/webhook.ts
  - src/sdk/asset.ts
  - src/sdk/session.ts
  - src/sdk/room.ts
  - src/sdk/metrics.ts
  - src/sdk/accesscontrol.ts
  - src/sdk/task.ts
  - src/sdk/transcode.ts
  - src/sdk/playback.ts
  - src/sdk/sdk.ts
  - .eslintrc.js
  - .npmignore
  - RUNTIMES.md
  - jsr.json
  - package.json
  - src/index.ts
  - src/lib/base64.ts
  - src/lib/config.ts
  - src/lib/encodings.ts
  - src/lib/http.ts
  - src/lib/is-plain-object.ts
  - src/lib/primitives.ts
  - src/lib/retries.ts
  - src/lib/schemas.ts
  - src/lib/sdks.ts
  - src/lib/security.ts
  - src/lib/url.ts
  - src/sdk/index.ts
  - src/models/errors/sdkerror.ts
  - src/models/errors/sdkvalidationerror.ts
  - src/types/blobs.ts
  - src/types/enums.ts
  - src/types/index.ts
  - src/types/operations.ts
  - src/types/rfcdate.ts
  - tsconfig.json
  - src/models/operations/createstream.ts
  - src/models/operations/getstreams.ts
  - src/models/operations/getstream.ts
  - src/models/operations/updatestream.ts
  - src/models/operations/deletestream.ts
  - src/models/operations/terminatestream.ts
  - src/models/operations/startpullstream.ts
  - src/models/operations/createclip.ts
  - src/models/operations/getclips.ts
  - src/models/operations/addmultistreamtarget.ts
  - src/models/operations/removemultistreamtarget.ts
  - src/models/operations/getmultistreamtargets.ts
  - src/models/operations/createmultistreamtarget.ts
  - src/models/operations/getmultistreamtarget.ts
  - src/models/operations/updatemultistreamtarget.ts
  - src/models/operations/deletemultistreamtarget.ts
  - src/models/operations/getwebhooks.ts
  - src/models/operations/createwebhook.ts
  - src/models/operations/getwebhook.ts
  - src/models/operations/updatewebhook.ts
  - src/models/operations/deletewebhook.ts
  - src/models/operations/getwebhooklogs.ts
  - src/models/operations/getwebhooklog.ts
  - src/models/operations/resendwebhook.ts
  - src/models/operations/getassets.ts
  - src/models/operations/requestupload.ts
  - src/models/operations/uploadasset.ts
  - src/models/operations/getasset.ts
  - src/models/operations/updateasset.ts
  - src/models/operations/deleteasset.ts
  - src/models/operations/getsessionclips.ts
  - src/models/operations/getsessions.ts
  - src/models/operations/getsession.ts
  - src/models/operations/getrecordedsessions.ts
  - src/models/operations/createroom.ts
  - src/models/operations/getroom.ts
  - src/models/operations/deleteroom.ts
  - src/models/operations/startroomegress.ts
  - src/models/operations/stoproomegress.ts
  - src/models/operations/createroomuser.ts
  - src/models/operations/getroomuser.ts
  - src/models/operations/updateroomuser.ts
  - src/models/operations/deleteroomuser.ts
  - src/models/operations/getviewershipmetrics.ts
  - src/models/operations/getcreatorviewershipmetrics.ts
  - src/models/operations/getpublicviewershipmetrics.ts
  - src/models/operations/getusagemetrics.ts
  - src/models/operations/createsigningkey.ts
  - src/models/operations/getsigningkeys.ts
  - src/models/operations/deletesigningkey.ts
  - src/models/operations/getsigningkey.ts
  - src/models/operations/updatesigningkey.ts
  - src/models/operations/gettasks.ts
  - src/models/operations/gettask.ts
  - src/models/operations/transcodevideo.ts
  - src/models/operations/getplaybackinfo.ts
  - src/models/errors/error.ts
  - src/models/components/stream.ts
  - src/models/components/targetoutput.ts
  - src/models/components/ffmpegprofile.ts
  - src/models/components/playbackpolicy.ts
  - src/models/components/creatorid.ts
  - src/models/components/newstreampayload.ts
  - src/models/components/usertags.ts
  - src/models/components/multistream.ts
  - src/models/components/target.ts
  - src/models/components/recordingspec.ts
  - src/models/components/inputcreatorid.ts
  - src/models/components/pull.ts
  - src/models/components/streampatchpayload.ts
  - src/models/components/asset.ts
  - src/models/components/storagestatus.ts
  - src/models/components/ipfsfileinfo.ts
  - src/models/components/encryptionoutput.ts
  - src/models/components/clippayload.ts
  - src/models/components/targetaddpayload.ts
  - src/models/components/multistreamtarget.ts
  - src/models/components/multistreamtargetinput.ts
  - src/models/components/multistreamtargetpatchpayload.ts
  - src/models/components/webhook.ts
  - src/models/components/webhooklog.ts
  - src/models/components/newassetpayload.ts
  - src/models/components/transcodeprofile.ts
  - src/models/components/spec.ts
  - src/models/components/newassetfromurlpayload.ts
  - src/models/components/encryption.ts
  - src/models/components/storage.ts
  - src/models/components/assetpatchpayload.ts
  - src/models/components/session.ts
  - src/models/components/createroomresponse.ts
  - src/models/components/room.ts
  - src/models/components/roomegresspayload.ts
  - src/models/components/roomuserresponse.ts
  - src/models/components/roomuserpayload.ts
  - src/models/components/getroomuserresponse.ts
  - src/models/components/roomuserupdatepayload.ts
  - src/models/components/viewershipmetric.ts
  - src/models/components/usagemetric.ts
  - src/models/components/signingkey.ts
  - src/models/components/task.ts
  - src/models/components/ipfsexportparams.ts
  - src/models/components/exporttaskparams.ts
  - src/models/components/transcodepayload.ts
  - src/models/components/playbackinfo.ts
  - src/models/components/attestation.ts
  - src/models/components/security.ts
  - src/models/errors/index.ts
  - src/models/operations/index.ts
  - src/models/components/index.ts
  - docs/models/operations/createstreamresponse.md
  - docs/models/operations/getstreamsrequest.md
  - docs/models/operations/getstreamsresponse.md
  - docs/models/operations/getstreamrequest.md
  - docs/models/operations/getstreamresponse.md
  - docs/models/operations/updatestreamrequest.md
  - docs/models/operations/updatestreamresponse.md
  - docs/models/operations/deletestreamrequest.md
  - docs/models/operations/deletestreamresponse.md
  - docs/models/operations/terminatestreamrequest.md
  - docs/models/operations/terminatestreamresponse.md
  - docs/models/operations/startpullstreamrequest.md
  - docs/models/operations/startpullstreamresponse.md
  - docs/models/operations/createcliptask.md
  - docs/models/operations/createclipdata.md
  - docs/models/operations/createclipresponse.md
  - docs/models/operations/getclipsrequest.md
  - docs/models/operations/getclipsresponse.md
  - docs/models/operations/addmultistreamtargetrequest.md
  - docs/models/operations/addmultistreamtargetresponse.md
  - docs/models/operations/removemultistreamtargetrequest.md
  - docs/models/operations/removemultistreamtargetresponse.md
  - docs/models/operations/getmultistreamtargetsresponse.md
  - docs/models/operations/createmultistreamtargetresponse.md
  - docs/models/operations/getmultistreamtargetrequest.md
  - docs/models/operations/getmultistreamtargetresponse.md
  - docs/models/operations/updatemultistreamtargetrequest.md
  - docs/models/operations/updatemultistreamtargetresponse.md
  - docs/models/operations/deletemultistreamtargetrequest.md
  - docs/models/operations/deletemultistreamtargetresponse.md
  - docs/models/operations/getwebhooksresponse.md
  - docs/models/operations/createwebhookresponse.md
  - docs/models/operations/getwebhookrequest.md
  - docs/models/operations/getwebhookresponse.md
  - docs/models/operations/updatewebhookrequest.md
  - docs/models/operations/updatewebhookresponse.md
  - docs/models/operations/deletewebhookrequest.md
  - docs/models/operations/deletewebhookresponse.md
  - docs/models/operations/getwebhooklogsrequest.md
  - docs/models/operations/getwebhooklogsresponse.md
  - docs/models/operations/getwebhooklogrequest.md
  - docs/models/operations/getwebhooklogresponse.md
  - docs/models/operations/resendwebhookrequest.md
  - docs/models/operations/resendwebhookresponse.md
  - docs/models/operations/getassetsresponse.md
  - docs/models/operations/task.md
  - docs/models/operations/requestuploaddata.md
  - docs/models/operations/requestuploadresponse.md
  - docs/models/operations/uploadassetassettask.md
  - docs/models/operations/uploadassetdataoutput.md
  - docs/models/operations/uploadassettask.md
  - docs/models/operations/uploadassetdata.md
  - docs/models/operations/uploadassetresponse.md
  - docs/models/operations/getassetrequest.md
  - docs/models/operations/getassetresponse.md
  - docs/models/operations/updateassetrequest.md
  - docs/models/operations/updateassetresponse.md
  - docs/models/operations/deleteassetrequest.md
  - docs/models/operations/deleteassetresponse.md
  - docs/models/operations/getsessionclipsrequest.md
  - docs/models/operations/getsessionclipsresponse.md
  - docs/models/operations/getsessionsresponse.md
  - docs/models/operations/getsessionrequest.md
  - docs/models/operations/getsessionresponse.md
  - docs/models/operations/recordt.md
  - docs/models/operations/getrecordedsessionsrequest.md
  - docs/models/operations/getrecordedsessionsresponse.md
  - docs/models/operations/createroomresponse.md
  - docs/models/operations/getroomrequest.md
  - docs/models/operations/getroomresponse.md
  - docs/models/operations/deleteroomrequest.md
  - docs/models/operations/deleteroomresponse.md
  - docs/models/operations/startroomegressrequest.md
  - docs/models/operations/startroomegressresponse.md
  - docs/models/operations/stoproomegressrequest.md
  - docs/models/operations/stoproomegressresponse.md
  - docs/models/operations/createroomuserrequest.md
  - docs/models/operations/createroomuserresponse.md
  - docs/models/operations/getroomuserrequest.md
  - docs/models/operations/getroomuserresponse.md
  - docs/models/operations/updateroomuserrequest.md
  - docs/models/operations/updateroomuserresponse.md
  - docs/models/operations/deleteroomuserrequest.md
  - docs/models/operations/deleteroomuserresponse.md
  - docs/models/operations/from.md
  - docs/models/operations/to.md
  - docs/models/operations/timestep.md
  - docs/models/operations/breakdownby.md
  - docs/models/operations/getviewershipmetricsrequest.md
  - docs/models/operations/getviewershipmetricsresponse.md
  - docs/models/operations/queryparamfrom.md
  - docs/models/operations/queryparamto.md
  - docs/models/operations/queryparamtimestep.md
  - docs/models/operations/queryparambreakdownby.md
  - docs/models/operations/getcreatorviewershipmetricsrequest.md
  - docs/models/operations/getcreatorviewershipmetricsresponse.md
  - docs/models/operations/getpublicviewershipmetricsrequest.md
  - docs/models/operations/getpublicviewershipmetricsdata.md
  - docs/models/operations/getpublicviewershipmetricsresponse.md
  - docs/models/operations/getusagemetricsqueryparamtimestep.md
  - docs/models/operations/getusagemetricsqueryparambreakdownby.md
  - docs/models/operations/getusagemetricsrequest.md
  - docs/models/operations/getusagemetricsresponse.md
  - docs/models/operations/createsigningkeyresponse.md
  - docs/models/operations/getsigningkeysresponse.md
  - docs/models/operations/deletesigningkeyrequest.md
  - docs/models/operations/deletesigningkeyresponse.md
  - docs/models/operations/getsigningkeyrequest.md
  - docs/models/operations/getsigningkeyresponse.md
  - docs/models/operations/updatesigningkeyrequestbody.md
  - docs/models/operations/updatesigningkeyrequest.md
  - docs/models/operations/updatesigningkeyresponse.md
  - docs/models/operations/gettasksresponse.md
  - docs/models/operations/gettaskrequest.md
  - docs/models/operations/gettaskresponse.md
  - docs/models/operations/transcodevideoresponse.md
  - docs/models/operations/getplaybackinforequest.md
  - docs/models/operations/getplaybackinforesponse.md
  - docs/models/errors/errort.md
  - docs/models/components/stream3.md
  - docs/models/components/streamusertags.md
  - docs/models/components/stream1.md
  - docs/models/components/streamismobile.md
  - docs/models/components/streamlocation.md
  - docs/models/components/streampull.md
  - docs/models/components/streamrecordingspec.md
  - docs/models/components/streammultistream.md
  - docs/models/components/renditions.md
  - docs/models/components/stream.md
  - docs/models/components/targetoutput.md
  - docs/models/components/profile.md
  - docs/models/components/encoder.md
  - docs/models/components/ffmpegprofile.md
  - docs/models/components/type.md
  - docs/models/components/playbackpolicy.md
  - docs/models/components/creatoridtype.md
  - docs/models/components/creatorid1.md
  - docs/models/components/creatorid.md
  - docs/models/components/newstreampayload.md
  - docs/models/components/three.md
  - docs/models/components/usertags.md
  - docs/models/components/multistream.md
  - docs/models/components/targetspec.md
  - docs/models/components/target.md
  - docs/models/components/recordingspec.md
  - docs/models/components/inputcreatoridtype.md
  - docs/models/components/inputcreatorid1.md
  - docs/models/components/inputcreatorid.md
  - docs/models/components/one.md
  - docs/models/components/ismobile.md
  - docs/models/components/location.md
  - docs/models/components/pull.md
  - docs/models/components/streampatchpayload.md
  - docs/models/components/assettype.md
  - docs/models/components/assetschemassource3type.md
  - docs/models/components/asset3.md
  - docs/models/components/assetschemassourcetype.md
  - docs/models/components/two.md
  - docs/models/components/assetschemastype.md
  - docs/models/components/asset1.md
  - docs/models/components/source.md
  - docs/models/components/assetnftmetadatatemplate.md
  - docs/models/components/assetnftmetadata.md
  - docs/models/components/assetspec.md
  - docs/models/components/assetipfs.md
  - docs/models/components/assetstorage.md
  - docs/models/components/assetphase.md
  - docs/models/components/assetstatus.md
  - docs/models/components/hash.md
  - docs/models/components/assetschemasvideospectype.md
  - docs/models/components/tracks.md
  - docs/models/components/videospec.md
  - docs/models/components/asset.md
  - docs/models/components/phase.md
  - docs/models/components/tasks.md
  - docs/models/components/storagestatus.md
  - docs/models/components/ipfsfileinfo.md
  - docs/models/components/encryptionoutput.md
  - docs/models/components/clippayload.md
  - docs/models/components/targetaddpayloadspec.md
  - docs/models/components/targetaddpayload.md
  - docs/models/components/multistreamtarget.md
  - docs/models/components/multistreamtargetinput.md
  - docs/models/components/multistreamtargetpatchpayload.md
  - docs/models/components/events.md
  - docs/models/components/lastfailure.md
  - docs/models/components/status.md
  - docs/models/components/webhook.md
  - docs/models/components/webhookinput.md
  - docs/models/components/request.md
  - docs/models/components/response.md
  - docs/models/components/webhooklog.md
  - docs/models/components/newassetpayload1.md
  - docs/models/components/newassetpayloadipfs.md
  - docs/models/components/newassetpayloadstorage.md
  - docs/models/components/newassetpayloadencryption.md
  - docs/models/components/newassetpayload.md
  - docs/models/components/transcodeprofileprofile.md
  - docs/models/components/transcodeprofileencoder.md
  - docs/models/components/transcodeprofile.md
  - docs/models/components/nftmetadatatemplate.md
  - docs/models/components/nftmetadata.md
  - docs/models/components/spec.md
  - docs/models/components/newassetfromurlpayload.md
  - docs/models/components/encryption.md
  - docs/models/components/storage1.md
  - docs/models/components/ipfs.md
  - docs/models/components/storage.md
  - docs/models/components/assetpatchpayload.md
  - docs/models/components/recordingstatus.md
  - docs/models/components/session.md
  - docs/models/components/createroomresponse.md
  - docs/models/components/participants.md
  - docs/models/components/room.md
  - docs/models/components/roomegresspayload.md
  - docs/models/components/roomuserresponse.md
  - docs/models/components/roomuserpayload.md
  - docs/models/components/getroomuserresponse.md
  - docs/models/components/roomuserupdatepayload.md
  - docs/models/components/viewershipmetric.md
  - docs/models/components/usagemetric.md
  - docs/models/components/signingkey.md
  - docs/models/components/tasktype.md
  - docs/models/components/upload.md
  - docs/models/components/content.md
  - docs/models/components/taskexportdata.md
  - docs/models/components/taskinput.md
  - docs/models/components/taskstorage.md
  - docs/models/components/taskhls.md
  - docs/models/components/taskmp4.md
  - docs/models/components/taskoutputs.md
  - docs/models/components/transcodefile.md
  - docs/models/components/clipstrategy.md
  - docs/models/components/catalystpipelinestrategy.md
  - docs/models/components/clip.md
  - docs/models/components/params.md
  - docs/models/components/taskphase.md
  - docs/models/components/taskstatus.md
  - docs/models/components/taskupload.md
  - docs/models/components/taskipfs.md
  - docs/models/components/export.md
  - docs/models/components/taskschemasipfs.md
  - docs/models/components/exportdata.md
  - docs/models/components/output.md
  - docs/models/components/task.md
  - docs/models/components/ipfsexportparams2.md
  - docs/models/components/ipfsexportparams1.md
  - docs/models/components/pinata.md
  - docs/models/components/ipfsexportparams.md
  - docs/models/components/exporttaskparams2.md
  - docs/models/components/custom.md
  - docs/models/components/exporttaskparams1.md
  - docs/models/components/exporttaskparams.md
  - docs/models/components/transcodepayloadtype.md
  - docs/models/components/credentials.md
  - docs/models/components/transcodepayload2.md
  - docs/models/components/transcodepayload1.md
  - docs/models/components/input.md
  - docs/models/components/transcodepayloadschemasstoragetype.md
  - docs/models/components/transcodepayloadschemascredentials.md
  - docs/models/components/transcodepayloadschemas2.md
  - docs/models/components/transcodepayloadschemastype.md
  - docs/models/components/transcodepayloadcredentials.md
  - docs/models/components/transcodepayloadschemas1.md
  - docs/models/components/transcodepayloadstorage.md
  - docs/models/components/hls.md
  - docs/models/components/mp4.md
  - docs/models/components/fmp4.md
  - docs/models/components/outputs.md
  - docs/models/components/transcodepayload.md
  - docs/models/components/playbackinfotype.md
  - docs/models/components/live.md
  - docs/models/components/hrn.md
  - docs/models/components/playbackinfoschemastype.md
  - docs/models/components/playbackinfosource.md
  - docs/models/components/playbackinfohrn.md
  - docs/models/components/playbackinfoschemasmetatype.md
  - docs/models/components/dvrplayback.md
  - docs/models/components/meta.md
  - docs/models/components/playbackinfo.md
  - docs/models/components/primarytype.md
  - docs/models/components/name.md
  - docs/models/components/version.md
  - docs/models/components/domain.md
  - docs/models/components/attestations.md
  - docs/models/components/message.md
  - docs/models/components/signaturetype.md
  - docs/models/components/attestationipfs.md
  - docs/models/components/attestationstorage.md
  - docs/models/components/attestation.md
  - docs/models/components/security.md
  - docs/sdks/livepeer/README.md
  - docs/sdks/stream/README.md
  - docs/sdks/multistream/README.md
  - docs/sdks/webhook/README.md
  - docs/sdks/asset/README.md
  - docs/sdks/session/README.md
  - docs/sdks/room/README.md
  - docs/sdks/metrics/README.md
  - docs/sdks/accesscontrol/README.md
  - docs/sdks/task/README.md
  - docs/sdks/transcode/README.md
  - docs/sdks/playback/README.md
  - USAGE.md
  - .gitattributes
  - src/hooks/hooks.ts
  - src/hooks/types.ts
  - src/hooks/index.ts
