speakeasyVersion: 1.293.1
sources:
    livepeer-studio-api:
        sourceNamespace: livepeer-studio-api
        sourceRevisionDigest: sha256:5fe95adf98d3558833a4413475def3451e55a63465cdbbea94de06c0bf03105c
        sourceBlobDigest: sha256:0561ad65098145927f1d60a8ba370296d6e91cbb1430f9880f6a884d594b870e
        tags:
            - latest
targets:
    livepeer-ts:
        source: livepeer-studio-api
        sourceNamespace: livepeer-studio-api
        sourceRevisionDigest: sha256:5fe95adf98d3558833a4413475def3451e55a63465cdbbea94de06c0bf03105c
        sourceBlobDigest: sha256:0561ad65098145927f1d60a8ba370296d6e91cbb1430f9880f6a884d594b870e
        outLocation: .
workflow:
    workflowVersion: 1.0.0
    speakeasyVersion: latest
    sources:
        livepeer-studio-api:
            inputs:
                - location: https://raw.githubusercontent.com/livepeer/studio/master/packages/api/src/schema/api-schema.yaml
            registry:
                location: registry.speakeasyapi.dev/livepeer/livepeer-studio/livepeer-studio-api
    targets:
        livepeer-ts:
            target: typescript
            source: livepeer-studio-api
            output: .
            codeSamples:
                output: codeSamples.yaml
