speakeasyVersion: 1.308.1
sources:
    livepeer-studio-api:
        sourceNamespace: livepeer-studio-api
        sourceRevisionDigest: sha256:40e172ae8b80e514824e08d6d2884e7a9710524e03f3d62dc4e9f220bcdc2252
        sourceBlobDigest: sha256:01918d33aedd81e4dcd71eb34ae674519049f03446df95542d36fab34e95bcd0
        tags:
            - latest
            - main
targets:
    livepeer-ts:
        source: livepeer-studio-api
        sourceNamespace: livepeer-studio-api
        sourceRevisionDigest: sha256:40e172ae8b80e514824e08d6d2884e7a9710524e03f3d62dc4e9f220bcdc2252
        sourceBlobDigest: sha256:01918d33aedd81e4dcd71eb34ae674519049f03446df95542d36fab34e95bcd0
        outLocation: .
workflow:
    workflowVersion: 1.0.0
    speakeasyVersion: latest
    sources:
        livepeer-studio-api:
            inputs:
                - location: https://raw.githubusercontent.com/livepeer/studio/master/packages/api/src/schema/api-schema.yaml
            registry:
                location: registry.speakeasyapi.dev/livepeer/livepeer-studio/livepeer-studio-api
    targets:
        livepeer-ts:
            target: typescript
            source: livepeer-studio-api
            output: .
            codeSamples:
                output: codeSamples.yaml
